// !$*UTF8*$!
{
	archiveVersion = 1;
	classes = {
	};
	objectVersion = 46;
	objects = {

/* Begin PBXBuildFile section */
		4D70A4071984BD77001A6ACB /* Foundation.framework in Frameworks */ = {isa = PBXBuildFile; fileRef = 4D70A4061984BD76001A6ACB /* Foundation.framework */; };
		4D70A4091984BD77001A6ACB /* CoreGraphics.framework in Frameworks */ = {isa = PBXBuildFile; fileRef = 4D70A4081984BD77001A6ACB /* CoreGraphics.framework */; };
		4D70A40B1984BD77001A6ACB /* UIKit.framework in Frameworks */ = {isa = PBXBuildFile; fileRef = 4D70A40A1984BD77001A6ACB /* UIKit.framework */; };
		4D70A40D1984BD77001A6ACB /* CoreData.framework in Frameworks */ = {isa = PBXBuildFile; fileRef = 4D70A40C1984BD77001A6ACB /* CoreData.framework */; };
		4D70A4131984BD77001A6ACB /* InfoPlist.strings in Resources */ = {isa = PBXBuildFile; fileRef = 4D70A4111984BD77001A6ACB /* InfoPlist.strings */; };
		4D70A4151984BD77001A6ACB /* main.m in Sources */ = {isa = PBXBuildFile; fileRef = 4D70A4141984BD77001A6ACB /* main.m */; };
		4D70A4191984BD77001A6ACB /* AppDelegate.m in Sources */ = {isa = PBXBuildFile; fileRef = 4D70A4181984BD77001A6ACB /* AppDelegate.m */; };
		4D70A41C1984BD77001A6ACB /* Main_iPhone.storyboard in Resources */ = {isa = PBXBuildFile; fileRef = 4D70A41A1984BD77001A6ACB /* Main_iPhone.storyboard */; };
		4D70A41F1984BD77001A6ACB /* Main_iPad.storyboard in Resources */ = {isa = PBXBuildFile; fileRef = 4D70A41D1984BD77001A6ACB /* Main_iPad.storyboard */; };
		4D70A4221984BD77001A6ACB /* Enough.xcdatamodeld in Sources */ = {isa = PBXBuildFile; fileRef = 4D70A4201984BD77001A6ACB /* Enough.xcdatamodeld */; };
		4D70A4251984BD77001A6ACB /* MasterViewController.m in Sources */ = {isa = PBXBuildFile; fileRef = 4D70A4241984BD77001A6ACB /* MasterViewController.m */; };
		4D70A4281984BD77001A6ACB /* DetailViewController.m in Sources */ = {isa = PBXBuildFile; fileRef = 4D70A4271984BD77001A6ACB /* DetailViewController.m */; };
		4D70A42A1984BD77001A6ACB /* Images.xcassets in Resources */ = {isa = PBXBuildFile; fileRef = 4D70A4291984BD77001A6ACB /* Images.xcassets */; };
		4D70A4311984BD77001A6ACB /* XCTest.framework in Frameworks */ = {isa = PBXBuildFile; fileRef = 4D70A4301984BD77001A6ACB /* XCTest.framework */; };
		4D70A4321984BD77001A6ACB /* Foundation.framework in Frameworks */ = {isa = PBXBuildFile; fileRef = 4D70A4061984BD76001A6ACB /* Foundation.framework */; };
		4D70A4331984BD77001A6ACB /* UIKit.framework in Frameworks */ = {isa = PBXBuildFile; fileRef = 4D70A40A1984BD77001A6ACB /* UIKit.framework */; };
		4D70A4341984BD77001A6ACB /* CoreData.framework in Frameworks */ = {isa = PBXBuildFile; fileRef = 4D70A40C1984BD77001A6ACB /* CoreData.framework */; };
		4D70A43C1984BD77001A6ACB /* InfoPlist.strings in Resources */ = {isa = PBXBuildFile; fileRef = 4D70A43A1984BD77001A6ACB /* InfoPlist.strings */; };
		4D70A43E1984BD77001A6ACB /* EnoughTests.m in Sources */ = {isa = PBXBuildFile; fileRef = 4D70A43D1984BD77001A6ACB /* EnoughTests.m */; };
/* End PBXBuildFile section */

/* Begin PBXContainerItemProxy section */
		4D70A4351984BD77001A6ACB /* PBXContainerItemProxy */ = {
			isa = PBXContainerItemProxy;
			containerPortal = 4D70A3FB1984BD76001A6ACB /* Project object */;
			proxyType = 1;
			remoteGlobalIDString = 4D70A4021984BD76001A6ACB;
			remoteInfo = Enough;
		};
/* End PBXContainerItemProxy section */

/* Begin PBXFileReference section */
		4D70A4031984BD76001A6ACB /* Enough.app */ = {isa = PBXFileReference; explicitFileType = wrapper.application; includeInIndex = 0; path = Enough.app; sourceTree = BUILT_PRODUCTS_DIR; };
		4D70A4061984BD76001A6ACB /* Foundation.framework */ = {isa = PBXFileReference; lastKnownFileType = wrapper.framework; name = Foundation.framework; path = System/Library/Frameworks/Foundation.framework; sourceTree = SDKROOT; };
		4D70A4081984BD77001A6ACB /* CoreGraphics.framework */ = {isa = PBXFileReference; lastKnownFileType = wrapper.framework; name = CoreGraphics.framework; path = System/Library/Frameworks/CoreGraphics.framework; sourceTree = SDKROOT; };
		4D70A40A1984BD77001A6ACB /* UIKit.framework */ = {isa = PBXFileReference; lastKnownFileType = wrapper.framework; name = UIKit.framework; path = System/Library/Frameworks/UIKit.framework; sourceTree = SDKROOT; };
		4D70A40C1984BD77001A6ACB /* CoreData.framework */ = {isa = PBXFileReference; lastKnownFileType = wrapper.framework; name = CoreData.framework; path = System/Library/Frameworks/CoreData.framework; sourceTree = SDKROOT; };
		4D70A4101984BD77001A6ACB /* Enough-Info.plist */ = {isa = PBXFileReference; lastKnownFileType = text.plist.xml; path = "Enough-Info.plist"; sourceTree = "<group>"; };
		4D70A4121984BD77001A6ACB /* en */ = {isa = PBXFileReference; lastKnownFileType = text.plist.strings; name = en; path = en.lproj/InfoPlist.strings; sourceTree = "<group>"; };
		4D70A4141984BD77001A6ACB /* main.m */ = {isa = PBXFileReference; lastKnownFileType = sourcecode.c.objc; path = main.m; sourceTree = "<group>"; };
		4D70A4161984BD77001A6ACB /* Enough-Prefix.pch */ = {isa = PBXFileReference; lastKnownFileType = sourcecode.c.h; path = "Enough-Prefix.pch"; sourceTree = "<group>"; };
		4D70A4171984BD77001A6ACB /* AppDelegate.h */ = {isa = PBXFileReference; lastKnownFileType = sourcecode.c.h; path = AppDelegate.h; sourceTree = "<group>"; };
		4D70A4181984BD77001A6ACB /* AppDelegate.m */ = {isa = PBXFileReference; lastKnownFileType = sourcecode.c.objc; path = AppDelegate.m; sourceTree = "<group>"; };
		4D70A41B1984BD77001A6ACB /* Base */ = {isa = PBXFileReference; lastKnownFileType = file.storyboard; name = Base; path = Base.lproj/Main_iPhone.storyboard; sourceTree = "<group>"; };
		4D70A41E1984BD77001A6ACB /* Base */ = {isa = PBXFileReference; lastKnownFileType = file.storyboard; name = Base; path = Base.lproj/Main_iPad.storyboard; sourceTree = "<group>"; };
		4D70A4211984BD77001A6ACB /* Enough.xcdatamodel */ = {isa = PBXFileReference; lastKnownFileType = wrapper.xcdatamodel; path = Enough.xcdatamodel; sourceTree = "<group>"; };
		4D70A4231984BD77001A6ACB /* MasterViewController.h */ = {isa = PBXFileReference; lastKnownFileType = sourcecode.c.h; path = MasterViewController.h; sourceTree = "<group>"; };
		4D70A4241984BD77001A6ACB /* MasterViewController.m */ = {isa = PBXFileReference; lastKnownFileType = sourcecode.c.objc; path = MasterViewController.m; sourceTree = "<group>"; };
		4D70A4261984BD77001A6ACB /* DetailViewController.h */ = {isa = PBXFileReference; lastKnownFileType = sourcecode.c.h; path = DetailViewController.h; sourceTree = "<group>"; };
		4D70A4271984BD77001A6ACB /* DetailViewController.m */ = {isa = PBXFileReference; lastKnownFileType = sourcecode.c.objc; path = DetailViewController.m; sourceTree = "<group>"; };
		4D70A4291984BD77001A6ACB /* Images.xcassets */ = {isa = PBXFileReference; lastKnownFileType = folder.assetcatalog; path = Images.xcassets; sourceTree = "<group>"; };
		4D70A42F1984BD77001A6ACB /* EnoughTests.xctest */ = {isa = PBXFileReference; explicitFileType = wrapper.cfbundle; includeInIndex = 0; path = EnoughTests.xctest; sourceTree = BUILT_PRODUCTS_DIR; };
		4D70A4301984BD77001A6ACB /* XCTest.framework */ = {isa = PBXFileReference; lastKnownFileType = wrapper.framework; name = XCTest.framework; path = Library/Frameworks/XCTest.framework; sourceTree = DEVELOPER_DIR; };
		4D70A4391984BD77001A6ACB /* EnoughTests-Info.plist */ = {isa = PBXFileReference; lastKnownFileType = text.plist.xml; path = "EnoughTests-Info.plist"; sourceTree = "<group>"; };
		4D70A43B1984BD77001A6ACB /* en */ = {isa = PBXFileReference; lastKnownFileType = text.plist.strings; name = en; path = en.lproj/InfoPlist.strings; sourceTree = "<group>"; };
		4D70A43D1984BD77001A6ACB /* EnoughTests.m */ = {isa = PBXFileReference; lastKnownFileType = sourcecode.c.objc; path = EnoughTests.m; sourceTree = "<group>"; };
/* End PBXFileReference section */

/* Begin PBXFrameworksBuildPhase section */
		4D70A4001984BD76001A6ACB /* Frameworks */ = {
			isa = PBXFrameworksBuildPhase;
			buildActionMask = 2147483647;
			files = (
				4D70A4091984BD77001A6ACB /* CoreGraphics.framework in Frameworks */,
				4D70A40D1984BD77001A6ACB /* CoreData.framework in Frameworks */,
				4D70A40B1984BD77001A6ACB /* UIKit.framework in Frameworks */,
				4D70A4071984BD77001A6ACB /* Foundation.framework in Frameworks */,
			);
			runOnlyForDeploymentPostprocessing = 0;
		};
		4D70A42C1984BD77001A6ACB /* Frameworks */ = {
			isa = PBXFrameworksBuildPhase;
			buildActionMask = 2147483647;
			files = (
				4D70A4311984BD77001A6ACB /* XCTest.framework in Frameworks */,
				4D70A4341984BD77001A6ACB /* CoreData.framework in Frameworks */,
				4D70A4331984BD77001A6ACB /* UIKit.framework in Frameworks */,
				4D70A4321984BD77001A6ACB /* Foundation.framework in Frameworks */,
			);
			runOnlyForDeploymentPostprocessing = 0;
		};
/* End PBXFrameworksBuildPhase section */

/* Begin PBXGroup section */
		4D70A3FA1984BD76001A6ACB = {
			isa = PBXGroup;
			children = (
				4D70A40E1984BD77001A6ACB /* Enough */,
				4D70A4371984BD77001A6ACB /* EnoughTests */,
				4D70A4051984BD76001A6ACB /* Frameworks */,
				4D70A4041984BD76001A6ACB /* Products */,
			);
			sourceTree = "<group>";
		};
		4D70A4041984BD76001A6ACB /* Products */ = {
			isa = PBXGroup;
			children = (
				4D70A4031984BD76001A6ACB /* Enough.app */,
				4D70A42F1984BD77001A6ACB /* EnoughTests.xctest */,
			);
			name = Products;
			sourceTree = "<group>";
		};
		4D70A4051984BD76001A6ACB /* Frameworks */ = {
			isa = PBXGroup;
			children = (
				4D70A4061984BD76001A6ACB /* Foundation.framework */,
				4D70A4081984BD77001A6ACB /* CoreGraphics.framework */,
				4D70A40A1984BD77001A6ACB /* UIKit.framework */,
				4D70A40C1984BD77001A6ACB /* CoreData.framework */,
				4D70A4301984BD77001A6ACB /* XCTest.framework */,
			);
			name = Frameworks;
			sourceTree = "<group>";
		};
		4D70A40E1984BD77001A6ACB /* Enough */ = {
			isa = PBXGroup;
			children = (
				4D70A4171984BD77001A6ACB /* AppDelegate.h */,
				4D70A4181984BD77001A6ACB /* AppDelegate.m */,
				4D70A41A1984BD77001A6ACB /* Main_iPhone.storyboard */,
				4D70A41D1984BD77001A6ACB /* Main_iPad.storyboard */,
				4D70A4231984BD77001A6ACB /* MasterViewController.h */,
				4D70A4241984BD77001A6ACB /* MasterViewController.m */,
				4D70A4261984BD77001A6ACB /* DetailViewController.h */,
				4D70A4271984BD77001A6ACB /* DetailViewController.m */,
				4D70A4291984BD77001A6ACB /* Images.xcassets */,
				4D70A4201984BD77001A6ACB /* Enough.xcdatamodeld */,
				4D70A40F1984BD77001A6ACB /* Supporting Files */,
			);
			path = Enough;
			sourceTree = "<group>";
		};
		4D70A40F1984BD77001A6ACB /* Supporting Files */ = {
			isa = PBXGroup;
			children = (
				4D70A4101984BD77001A6ACB /* Enough-Info.plist */,
				4D70A4111984BD77001A6ACB /* InfoPlist.strings */,
				4D70A4141984BD77001A6ACB /* main.m */,
				4D70A4161984BD77001A6ACB /* Enough-Prefix.pch */,
			);
			name = "Supporting Files";
			sourceTree = "<group>";
		};
		4D70A4371984BD77001A6ACB /* EnoughTests */ = {
			isa = PBXGroup;
			children = (
				4D70A43D1984BD77001A6ACB /* EnoughTests.m */,
				4D70A4381984BD77001A6ACB /* Supporting Files */,
			);
			path = EnoughTests;
			sourceTree = "<group>";
		};
		4D70A4381984BD77001A6ACB /* Supporting Files */ = {
			isa = PBXGroup;
			children = (
				4D70A4391984BD77001A6ACB /* EnoughTests-Info.plist */,
				4D70A43A1984BD77001A6ACB /* InfoPlist.strings */,
			);
			name = "Supporting Files";
			sourceTree = "<group>";
		};
/* End PBXGroup section */

/* Begin PBXNativeTarget section */
		4D70A4021984BD76001A6ACB /* Enough */ = {
			isa = PBXNativeTarget;
			buildConfigurationList = 4D70A4411984BD77001A6ACB /* Build configuration list for PBXNativeTarget "Enough" */;
			buildPhases = (
				4D70A3FF1984BD76001A6ACB /* Sources */,
				4D70A4001984BD76001A6ACB /* Frameworks */,
				4D70A4011984BD76001A6ACB /* Resources */,
			);
			buildRules = (
			);
			dependencies = (
			);
			name = Enough;
			productName = Enough;
			productReference = 4D70A4031984BD76001A6ACB /* Enough.app */;
			productType = "com.apple.product-type.application";
		};
		4D70A42E1984BD77001A6ACB /* EnoughTests */ = {
			isa = PBXNativeTarget;
			buildConfigurationList = 4D70A4441984BD77001A6ACB /* Build configuration list for PBXNativeTarget "EnoughTests" */;
			buildPhases = (
				4D70A42B1984BD77001A6ACB /* Sources */,
				4D70A42C1984BD77001A6ACB /* Frameworks */,
				4D70A42D1984BD77001A6ACB /* Resources */,
			);
			buildRules = (
			);
			dependencies = (
				4D70A4361984BD77001A6ACB /* PBXTargetDependency */,
			);
			name = EnoughTests;
			productName = EnoughTests;
			productReference = 4D70A42F1984BD77001A6ACB /* EnoughTests.xctest */;
			productType = "com.apple.product-type.bundle.unit-test";
		};
/* End PBXNativeTarget section */

/* Begin PBXProject section */
		4D70A3FB1984BD76001A6ACB /* Project object */ = {
			isa = PBXProject;
			attributes = {
				LastUpgradeCheck = 0510;
				ORGANIZATIONNAME = raymondjacobson;
				TargetAttributes = {
					4D70A42E1984BD77001A6ACB = {
						TestTargetID = 4D70A4021984BD76001A6ACB;
					};
				};
			};
			buildConfigurationList = 4D70A3FE1984BD76001A6ACB /* Build configuration list for PBXProject "Enough" */;
			compatibilityVersion = "Xcode 3.2";
			developmentRegion = English;
			hasScannedForEncodings = 0;
			knownRegions = (
				en,
				Base,
			);
			mainGroup = 4D70A3FA1984BD76001A6ACB;
			productRefGroup = 4D70A4041984BD76001A6ACB /* Products */;
			projectDirPath = "";
			projectRoot = "";
			targets = (
				4D70A4021984BD76001A6ACB /* Enough */,
				4D70A42E1984BD77001A6ACB /* EnoughTests */,
			);
		};
/* End PBXProject section */

/* Begin PBXResourcesBuildPhase section */
		4D70A4011984BD76001A6ACB /* Resources */ = {
			isa = PBXResourcesBuildPhase;
			buildActionMask = 2147483647;
			files = (
				4D70A41F1984BD77001A6ACB /* Main_iPad.storyboard in Resources */,
				4D70A42A1984BD77001A6ACB /* Images.xcassets in Resources */,
				4D70A41C1984BD77001A6ACB /* Main_iPhone.storyboard in Resources */,
				4D70A4131984BD77001A6ACB /* InfoPlist.strings in Resources */,
			);
			runOnlyForDeploymentPostprocessing = 0;
		};
		4D70A42D1984BD77001A6ACB /* Resources */ = {
			isa = PBXResourcesBuildPhase;
			buildActionMask = 2147483647;
			files = (
				4D70A43C1984BD77001A6ACB /* InfoPlist.strings in Resources */,
			);
			runOnlyForDeploymentPostprocessing = 0;
		};
/* End PBXResourcesBuildPhase section */

/* Begin PBXSourcesBuildPhase section */
		4D70A3FF1984BD76001A6ACB /* Sources */ = {
			isa = PBXSourcesBuildPhase;
			buildActionMask = 2147483647;
			files = (
				4D70A4281984BD77001A6ACB /* DetailViewController.m in Sources */,
				4D70A4251984BD77001A6ACB /* MasterViewController.m in Sources */,
				4D70A4191984BD77001A6ACB /* AppDelegate.m in Sources */,
				4D70A4151984BD77001A6ACB /* main.m in Sources */,
				4D70A4221984BD77001A6ACB /* Enough.xcdatamodeld in Sources */,
			);
			runOnlyForDeploymentPostprocessing = 0;
		};
		4D70A42B1984BD77001A6ACB /* Sources */ = {
			isa = PBXSourcesBuildPhase;
			buildActionMask = 2147483647;
			files = (
				4D70A43E1984BD77001A6ACB /* EnoughTests.m in Sources */,
			);
			runOnlyForDeploymentPostprocessing = 0;
		};
/* End PBXSourcesBuildPhase section */

/* Begin PBXTargetDependency section */
		4D70A4361984BD77001A6ACB /* PBXTargetDependency */ = {
			isa = PBXTargetDependency;
			target = 4D70A4021984BD76001A6ACB /* Enough */;
			targetProxy = 4D70A4351984BD77001A6ACB /* PBXContainerItemProxy */;
		};
/* End PBXTargetDependency section */

/* Begin PBXVariantGroup section */
		4D70A4111984BD77001A6ACB /* InfoPlist.strings */ = {
			isa = PBXVariantGroup;
			children = (
				4D70A4121984BD77001A6ACB /* en */,
			);
			name = InfoPlist.strings;
			sourceTree = "<group>";
		};
		4D70A41A1984BD77001A6ACB /* Main_iPhone.storyboard */ = {
			isa = PBXVariantGroup;
			children = (
				4D70A41B1984BD77001A6ACB /* Base */,
			);
			name = Main_iPhone.storyboard;
			sourceTree = "<group>";
		};
		4D70A41D1984BD77001A6ACB /* Main_iPad.storyboard */ = {
			isa = PBXVariantGroup;
			children = (
				4D70A41E1984BD77001A6ACB /* Base */,
			);
			name = Main_iPad.storyboard;
			sourceTree = "<group>";
		};
		4D70A43A1984BD77001A6ACB /* InfoPlist.strings */ = {
			isa = PBXVariantGroup;
			children = (
				4D70A43B1984BD77001A6ACB /* en */,
			);
			name = InfoPlist.strings;
			sourceTree = "<group>";
		};
/* End PBXVariantGroup section */

/* Begin XCBuildConfiguration section */
		4D70A43F1984BD77001A6ACB /* Debug */ = {
			isa = XCBuildConfiguration;
			buildSettings = {
				ALWAYS_SEARCH_USER_PATHS = NO;
				CLANG_CXX_LANGUAGE_STANDARD = "gnu++0x";
				CLANG_CXX_LIBRARY = "libc++";
				CLANG_ENABLE_MODULES = YES;
				CLANG_ENABLE_OBJC_ARC = YES;
				CLANG_WARN_BOOL_CONVERSION = YES;
				CLANG_WARN_CONSTANT_CONVERSION = YES;
				CLANG_WARN_DIRECT_OBJC_ISA_USAGE = YES_ERROR;
				CLANG_WARN_EMPTY_BODY = YES;
				CLANG_WARN_ENUM_CONVERSION = YES;
				CLANG_WARN_INT_CONVERSION = YES;
				CLANG_WARN_OBJC_ROOT_CLASS = YES_ERROR;
				CLANG_WARN__DUPLICATE_METHOD_MATCH = YES;
				"CODE_SIGN_IDENTITY[sdk=iphoneos*]" = "iPhone Developer";
				COPY_PHASE_STRIP = NO;
				GCC_C_LANGUAGE_STANDARD = gnu99;
				GCC_DYNAMIC_NO_PIC = NO;
				GCC_OPTIMIZATION_LEVEL = 0;
				GCC_PREPROCESSOR_DEFINITIONS = (
					"DEBUG=1",
					"$(inherited)",
				);
				GCC_SYMBOLS_PRIVATE_EXTERN = NO;
				GCC_WARN_64_TO_32_BIT_CONVERSION = YES;
				GCC_WARN_ABOUT_RETURN_TYPE = YES_ERROR;
				GCC_WARN_UNDECLARED_SELECTOR = YES;
				GCC_WARN_UNINITIALIZED_AUTOS = YES_AGGRESSIVE;
				GCC_WARN_UNUSED_FUNCTION = YES;
				GCC_WARN_UNUSED_VARIABLE = YES;
				IPHONEOS_DEPLOYMENT_TARGET = 7.1;
				ONLY_ACTIVE_ARCH = YES;
				SDKROOT = iphoneos;
				TARGETED_DEVICE_FAMILY = "1,2";
			};
			name = Debug;
		};
		4D70A4401984BD77001A6ACB /* Release */ = {
			isa = XCBuildConfiguration;
			buildSettings = {
				ALWAYS_SEARCH_USER_PATHS = NO;
				CLANG_CXX_LANGUAGE_STANDARD = "gnu++0x";
				CLANG_CXX_LIBRARY = "libc++";
				CLANG_ENABLE_MODULES = YES;
				CLANG_ENABLE_OBJC_ARC = YES;
				CLANG_WARN_BOOL_CONVERSION = YES;
				CLANG_WARN_CONSTANT_CONVERSION = YES;
				CLANG_WARN_DIRECT_OBJC_ISA_USAGE = YES_ERROR;
				CLANG_WARN_EMPTY_BODY = YES;
				CLANG_WARN_ENUM_CONVERSION = YES;
				CLANG_WARN_INT_CONVERSION = YES;
				CLANG_WARN_OBJC_ROOT_CLASS = YES_ERROR;
				CLANG_WARN__DUPLICATE_METHOD_MATCH = YES;
				"CODE_SIGN_IDENTITY[sdk=iphoneos*]" = "iPhone Developer";
				COPY_PHASE_STRIP = YES;
				ENABLE_NS_ASSERTIONS = NO;
				GCC_C_LANGUAGE_STANDARD = gnu99;
				GCC_WARN_64_TO_32_BIT_CONVERSION = YES;
				GCC_WARN_ABOUT_RETURN_TYPE = YES_ERROR;
				GCC_WARN_UNDECLARED_SELECTOR = YES;
				GCC_WARN_UNINITIALIZED_AUTOS = YES_AGGRESSIVE;
				GCC_WARN_UNUSED_FUNCTION = YES;
				GCC_WARN_UNUSED_VARIABLE = YES;
				IPHONEOS_DEPLOYMENT_TARGET = 7.1;
				SDKROOT = iphoneos;
				TARGETED_DEVICE_FAMILY = "1,2";
				VALIDATE_PRODUCT = YES;
			};
			name = Release;
		};
		4D70A4421984BD77001A6ACB /* Debug */ = {
			isa = XCBuildConfiguration;
			buildSettings = {
				ASSETCATALOG_COMPILER_APPICON_NAME = AppIcon;
				ASSETCATALOG_COMPILER_LAUNCHIMAGE_NAME = LaunchImage;
				GCC_PRECOMPILE_PREFIX_HEADER = YES;
				GCC_PREFIX_HEADER = "Enough/Enough-Prefix.pch";
				INFOPLIST_FILE = "Enough/Enough-Info.plist";
				PRODUCT_NAME = "$(TARGET_NAME)";
				WRAPPER_EXTENSION = app;
			};
			name = Debug;
		};
		4D70A4431984BD77001A6ACB /* Release */ = {
			isa = XCBuildConfiguration;
			buildSettings = {
				ASSETCATALOG_COMPILER_APPICON_NAME = AppIcon;
				ASSETCATALOG_COMPILER_LAUNCHIMAGE_NAME = LaunchImage;
				GCC_PRECOMPILE_PREFIX_HEADER = YES;
				GCC_PREFIX_HEADER = "Enough/Enough-Prefix.pch";
				INFOPLIST_FILE = "Enough/Enough-Info.plist";
				PRODUCT_NAME = "$(TARGET_NAME)";
				WRAPPER_EXTENSION = app;
			};
			name = Release;
		};
		4D70A4451984BD77001A6ACB /* Debug */ = {
			isa = XCBuildConfiguration;
			buildSettings = {
				BUNDLE_LOADER = "$(BUILT_PRODUCTS_DIR)/Enough.app/Enough";
				FRAMEWORK_SEARCH_PATHS = (
					"$(SDKROOT)/Developer/Library/Frameworks",
					"$(inherited)",
					"$(DEVELOPER_FRAMEWORKS_DIR)",
				);
				GCC_PRECOMPILE_PREFIX_HEADER = YES;
				GCC_PREFIX_HEADER = "Enough/Enough-Prefix.pch";
				GCC_PREPROCESSOR_DEFINITIONS = (
					"DEBUG=1",
					"$(inherited)",
				);
				INFOPLIST_FILE = "EnoughTests/EnoughTests-Info.plist";
				PRODUCT_NAME = "$(TARGET_NAME)";
				TEST_HOST = "$(BUNDLE_LOADER)";
				WRAPPER_EXTENSION = xctest;
			};
			name = Debug;
		};
		4D70A4461984BD77001A6ACB /* Release */ = {
			isa = XCBuildConfiguration;
			buildSettings = {
				BUNDLE_LOADER = "$(BUILT_PRODUCTS_DIR)/Enough.app/Enough";
				FRAMEWORK_SEARCH_PATHS = (
					"$(SDKROOT)/Developer/Library/Frameworks",
					"$(inherited)",
					"$(DEVELOPER_FRAMEWORKS_DIR)",
				);
				GCC_PRECOMPILE_PREFIX_HEADER = YES;
				GCC_PREFIX_HEADER = "Enough/Enough-Prefix.pch";
				INFOPLIST_FILE = "EnoughTests/EnoughTests-Info.plist";
				PRODUCT_NAME = "$(TARGET_NAME)";
				TEST_HOST = "$(BUNDLE_LOADER)";
				WRAPPER_EXTENSION = xctest;
			};
			name = Release;
		};
/* End XCBuildConfiguration section */

/* Begin XCConfigurationList section */
		4D70A3FE1984BD76001A6ACB /* Build configuration list for PBXProject "Enough" */ = {
			isa = XCConfigurationList;
			buildConfigurations = (
				4D70A43F1984BD77001A6ACB /* Debug */,
				4D70A4401984BD77001A6ACB /* Release */,
			);
			defaultConfigurationIsVisible = 0;
			defaultConfigurationName = Release;
		};
		4D70A4411984BD77001A6ACB /* Build configuration list for PBXNativeTarget "Enough" */ = {
			isa = XCConfigurationList;
			buildConfigurations = (
				4D70A4421984BD77001A6ACB /* Debug */,
				4D70A4431984BD77001A6ACB /* Release */,
			);
			defaultConfigurationIsVisible = 0;
		};
		4D70A4441984BD77001A6ACB /* Build configuration list for PBXNativeTarget "EnoughTests" */ = {
			isa = XCConfigurationList;
			buildConfigurations = (
				4D70A4451984BD77001A6ACB /* Debug */,
				4D70A4461984BD77001A6ACB /* Release */,
			);
			defaultConfigurationIsVisible = 0;
		};
/* End XCConfigurationList section */

/* Begin XCVersionGroup section */
		4D70A4201984BD77001A6ACB /* Enough.xcdatamodeld */ = {
			isa = XCVersionGroup;
			children = (
				4D70A4211984BD77001A6ACB /* Enough.xcdatamodel */,
			);
			currentVersion = 4D70A4211984BD77001A6ACB /* Enough.xcdatamodel */;
			path = Enough.xcdatamodeld;
			sourceTree = "<group>";
			versionGroupType = wrapper.xcdatamodel;
		};
/* End XCVersionGroup section */
	};
	rootObject = 4D70A3FB1984BD76001A6ACB /* Project object */;
}
